
Microsoft Visual Studio Solution File, Format Version 12.00
# Visual Studio Version 16
VisualStudioVersion = 16.0.29613.14
MinimumVisualStudioVersion = 10.0.40219.1
Project("{FAE04EC0-301F-11D3-BF4B-00C04F79EFBC}") = "WebApiWithEfCore", "WebApiWithEfCore\WebApiWithEfCore.csproj", "{BFD6955C-F808-4576-B643-39F8131E8069}"
EndProject
Global
	GlobalSection(SolutionConfigurationPlatforms) = preSolution
		Debug|Any CPU = Debug|Any CPU
		Release|Any CPU = Release|Any CPU
	EndGlobalSection
	GlobalSection(ProjectConfigurationPlatforms) = postSolution
		{BFD6955C-F808-4576-B643-39F8131E8069}.Debug|Any CPU.ActiveCfg = Debug|Any CPU
		{BFD6955C-F808-4576-B643-39F8131E8069}.Debug|Any CPU.Build.0 = Debug|Any CPU
		{BFD6955C-F808-4576-B643-39F8131E8069}.Release|Any CPU.ActiveCfg = Release|Any CPU
		{BFD6955C-F808-4576-B643-39F8131E8069}.Release|Any CPU.Build.0 = Release|Any CPU
	EndGlobalSection
	GlobalSection(SolutionProperties) = preSolution
		HideSolutionNode = FALSE
	EndGlobalSection
	GlobalSection(ExtensibilityGlobals) = postSolution
		SolutionGuid = {A1BE365F-7455-4871-AAC6-6289CF8A8914}
	EndGlobalSection
EndGlobal
